
Microsoft Visual Studio Solution File, Format Version 12.00
# Visual Studio Version 17
VisualStudioVersion = 17.3.32922.545
MinimumVisualStudioVersion = 10.0.40219.1
Project("{FAE04EC0-301F-11D3-BF4B-00C04F79EFBC}") = "Memo", "Memo\Memo.csproj", "{77357AF8-C0C5-4166-8A32-9CBA64904486}"
EndProject
Global
	GlobalSection(SolutionConfigurationPlatforms) = preSolution
		Debug|Any CPU = Debug|Any CPU
		Release|Any CPU = Release|Any CPU
	EndGlobalSection
	GlobalSection(ProjectConfigurationPlatforms) = postSolution
		{77357AF8-C0C5-4166-8A32-9CBA64904486}.Debug|Any CPU.ActiveCfg = Debug|Any CPU
		{77357AF8-C0C5-4166-8A32-9CBA64904486}.Debug|Any CPU.Build.0 = Debug|Any CPU
		{77357AF8-C0C5-4166-8A32-9CBA64904486}.Release|Any CPU.ActiveCfg = Release|Any CPU
		{77357AF8-C0C5-4166-8A32-9CBA64904486}.Release|Any CPU.Build.0 = Release|Any CPU
	EndGlobalSection
	GlobalSection(SolutionProperties) = preSolution
		HideSolutionNode = FALSE
	EndGlobalSection
	GlobalSection(ExtensibilityGlobals) = postSolution
		SolutionGuid = {1313D16C-69C7-47ED-8591-BD6A64AA2462}
	EndGlobalSection
EndGlobal
